
Microsoft Visual Studio Solution File, Format Version 12.00
# Visual Studio Version 17
VisualStudioVersion = 17.7.34031.279
MinimumVisualStudioVersion = 10.0.40219.1
Project("{FAE04EC0-301F-11D3-BF4B-00C04F79EFBC}") = "API", "API\API.csproj", "{6C6C10A3-162D-4369-871B-05D13BC16BB6}"
EndProject
Project("{FAE04EC0-301F-11D3-BF4B-00C04F79EFBC}") = "Core", "Core\Core.csproj", "{67C79C46-0CD5-42C8-9E6B-59F451598BB9}"
EndProject
Project("{FAE04EC0-301F-11D3-BF4B-00C04F79EFBC}") = "Infrastructure", "Infrastructure\Infrastructure.csproj", "{A6AD07F1-F65A-4159-BE5A-A3D6D0A51D01}"
EndProject
Global
	GlobalSection(SolutionConfigurationPlatforms) = preSolution
		Debug|Any CPU = Debug|Any CPU
		Release|Any CPU = Release|Any CPU
	EndGlobalSection
	GlobalSection(ProjectConfigurationPlatforms) = postSolution
		{6C6C10A3-162D-4369-871B-05D13BC16BB6}.Debug|Any CPU.ActiveCfg = Debug|Any CPU
		{6C6C10A3-162D-4369-871B-05D13BC16BB6}.Debug|Any CPU.Build.0 = Debug|Any CPU
		{6C6C10A3-162D-4369-871B-05D13BC16BB6}.Release|Any CPU.ActiveCfg = Release|Any CPU
		{6C6C10A3-162D-4369-871B-05D13BC16BB6}.Release|Any CPU.Build.0 = Release|Any CPU
		{67C79C46-0CD5-42C8-9E6B-59F451598BB9}.Debug|Any CPU.ActiveCfg = Debug|Any CPU
		{67C79C46-0CD5-42C8-9E6B-59F451598BB9}.Debug|Any CPU.Build.0 = Debug|Any CPU
		{67C79C46-0CD5-42C8-9E6B-59F451598BB9}.Release|Any CPU.ActiveCfg = Release|Any CPU
		{67C79C46-0CD5-42C8-9E6B-59F451598BB9}.Release|Any CPU.Build.0 = Release|Any CPU
		{A6AD07F1-F65A-4159-BE5A-A3D6D0A51D01}.Debug|Any CPU.ActiveCfg = Debug|Any CPU
		{A6AD07F1-F65A-4159-BE5A-A3D6D0A51D01}.Debug|Any CPU.Build.0 = Debug|Any CPU
		{A6AD07F1-F65A-4159-BE5A-A3D6D0A51D01}.Release|Any CPU.ActiveCfg = Release|Any CPU
		{A6AD07F1-F65A-4159-BE5A-A3D6D0A51D01}.Release|Any CPU.Build.0 = Release|Any CPU
	EndGlobalSection
	GlobalSection(SolutionProperties) = preSolution
		HideSolutionNode = FALSE
	EndGlobalSection
	GlobalSection(ExtensibilityGlobals) = postSolution
		SolutionGuid = {961E572B-3B27-4F78-8C91-61375A6545D8}
	EndGlobalSection
EndGlobal
